
Microsoft Visual Studio Solution File, Format Version 12.00
# Visual Studio Version 16
VisualStudioVersion = 16.0.32106.194
MinimumVisualStudioVersion = 10.0.40219.1
Project("{FAE04EC0-301F-11D3-BF4B-00C04F79EFBC}") = "Text editor", "Text editor\Text editor.csproj", "{D0499224-FE47-43F8-8236-AE292130CD02}"
EndProject
Global
	GlobalSection(SolutionConfigurationPlatforms) = preSolution
		Debug|Any CPU = Debug|Any CPU
		Release|Any CPU = Release|Any CPU
	EndGlobalSection
	GlobalSection(ProjectConfigurationPlatforms) = postSolution
		{D0499224-FE47-43F8-8236-AE292130CD02}.Debug|Any CPU.ActiveCfg = Debug|Any CPU
		{D0499224-FE47-43F8-8236-AE292130CD02}.Debug|Any CPU.Build.0 = Debug|Any CPU
		{D0499224-FE47-43F8-8236-AE292130CD02}.Release|Any CPU.ActiveCfg = Release|Any CPU
		{D0499224-FE47-43F8-8236-AE292130CD02}.Release|Any CPU.Build.0 = Release|Any CPU
	EndGlobalSection
	GlobalSection(SolutionProperties) = preSolution
		HideSolutionNode = FALSE
	EndGlobalSection
	GlobalSection(ExtensibilityGlobals) = postSolution
		SolutionGuid = {6FF00F8F-A874-4B58-97D9-F73C68984E01}
	EndGlobalSection
EndGlobal
